// !$*UTF8*$!
{
	archiveVersion = 1;
	classes = {
	};
	objectVersion = 46;
	objects = {

/* Begin PBXBuildFile section */
		8656473F19C728E5006B3581 /* NSURL+M80.m in Sources */ = {isa = PBXBuildFile; fileRef = 8656473E19C728E5006B3581 /* NSURL+M80.m */; };
		E40AE74C1925E2F80062F86D /* NSFileManager+M80.m in Sources */ = {isa = PBXBuildFile; fileRef = E40AE74B1925E2F80062F86D /* NSFileManager+M80.m */; };
		E40AE7501925EC600062F86D /* FileManagerTests.m in Sources */ = {isa = PBXBuildFile; fileRef = E40AE74F1925EC600062F86D /* FileManagerTests.m */; };
		E40AE7531925EDA10062F86D /* test.txt in Resources */ = {isa = PBXBuildFile; fileRef = E40AE7521925EDA10062F86D /* test.txt */; };
		E40AE7541925EE450062F86D /* NSFileManager+M80.m in Sources */ = {isa = PBXBuildFile; fileRef = E40AE74B1925E2F80062F86D /* NSFileManager+M80.m */; };
		E40AE7591925F8CE0062F86D /* NSTimer+M80.m in Sources */ = {isa = PBXBuildFile; fileRef = E40AE7581925F8CE0062F86D /* NSTimer+M80.m */; };
		E40AE75A1925F8CE0062F86D /* NSTimer+M80.m in Sources */ = {isa = PBXBuildFile; fileRef = E40AE7581925F8CE0062F86D /* NSTimer+M80.m */; };
		E40AE75D1925FB470062F86D /* UIAlertView+M80.m in Sources */ = {isa = PBXBuildFile; fileRef = E40AE75C1925FB470062F86D /* UIAlertView+M80.m */; };
		E40AE75E1925FB470062F86D /* UIAlertView+M80.m in Sources */ = {isa = PBXBuildFile; fileRef = E40AE75C1925FB470062F86D /* UIAlertView+M80.m */; };
		E40AE7611925FB570062F86D /* UIActionSheet+M80.m in Sources */ = {isa = PBXBuildFile; fileRef = E40AE7601925FB570062F86D /* UIActionSheet+M80.m */; };
		E40AE7621925FB570062F86D /* UIActionSheet+M80.m in Sources */ = {isa = PBXBuildFile; fileRef = E40AE7601925FB570062F86D /* UIActionSheet+M80.m */; };
		E40AE7661925FDD00062F86D /* M80TimerHolder.m in Sources */ = {isa = PBXBuildFile; fileRef = E40AE7651925FDD00062F86D /* M80TimerHolder.m */; };
		E40DBE1219D0151B002AEED0 /* emoji.xml in Resources */ = {isa = PBXBuildFile; fileRef = E40DBE1119D0151B002AEED0 /* emoji.xml */; };
		E40DBE1319D01522002AEED0 /* M80XMLSerialization.m in Sources */ = {isa = PBXBuildFile; fileRef = E4F6A30B19CFE55100B97C5C /* M80XMLSerialization.m */; };
		E40DBE1719D01587002AEED0 /* M80XMLSerializationTests.m in Sources */ = {isa = PBXBuildFile; fileRef = E40DBE1619D01587002AEED0 /* M80XMLSerializationTests.m */; };
		E42B7DBD1954211900216A30 /* M80WeakProxy.m in Sources */ = {isa = PBXBuildFile; fileRef = E42B7DBC1954211900216A30 /* M80WeakProxy.m */; };
		E43448731A5E369F005D38D2 /* M80HttpOperation.m in Sources */ = {isa = PBXBuildFile; fileRef = E43448721A5E369F005D38D2 /* M80HttpOperation.m */; };
		E43448761A5E36AB005D38D2 /* M80HttpManager.m in Sources */ = {isa = PBXBuildFile; fileRef = E43448751A5E36AB005D38D2 /* M80HttpManager.m */; };
		E444950F193334DE00E62F56 /* M80Observer.m in Sources */ = {isa = PBXBuildFile; fileRef = E444950E193334DE00E62F56 /* M80Observer.m */; };
		E472EBCF1925B10000FD15F3 /* Foundation.framework in Frameworks */ = {isa = PBXBuildFile; fileRef = E472EBCE1925B10000FD15F3 /* Foundation.framework */; };
		E472EBD41925B10000FD15F3 /* M80Kit.h in CopyFiles */ = {isa = PBXBuildFile; fileRef = E472EBD31925B10000FD15F3 /* M80Kit.h */; };
		E472EBD61925B10000FD15F3 /* M80Kit.m in Sources */ = {isa = PBXBuildFile; fileRef = E472EBD51925B10000FD15F3 /* M80Kit.m */; };
		E472EBDD1925B10000FD15F3 /* XCTest.framework in Frameworks */ = {isa = PBXBuildFile; fileRef = E472EBDC1925B10000FD15F3 /* XCTest.framework */; };
		E472EBDE1925B10000FD15F3 /* Foundation.framework in Frameworks */ = {isa = PBXBuildFile; fileRef = E472EBCE1925B10000FD15F3 /* Foundation.framework */; };
		E472EBE01925B10000FD15F3 /* UIKit.framework in Frameworks */ = {isa = PBXBuildFile; fileRef = E472EBDF1925B10000FD15F3 /* UIKit.framework */; };
		E472EBE31925B10000FD15F3 /* libM80Kit.a in Frameworks */ = {isa = PBXBuildFile; fileRef = E472EBCB1925B10000FD15F3 /* libM80Kit.a */; };
		E472EBE91925B10000FD15F3 /* InfoPlist.strings in Resources */ = {isa = PBXBuildFile; fileRef = E472EBE71925B10000FD15F3 /* InfoPlist.strings */; };
		E472EBEB1925B10000FD15F3 /* M80KitTests.m in Sources */ = {isa = PBXBuildFile; fileRef = E472EBEA1925B10000FD15F3 /* M80KitTests.m */; };
		E472EBFB1925B18900FD15F3 /* NSString+M80.m in Sources */ = {isa = PBXBuildFile; fileRef = E472EBFA1925B18900FD15F3 /* NSString+M80.m */; };
		E472EBFE1925B29100FD15F3 /* NSData+M80.m in Sources */ = {isa = PBXBuildFile; fileRef = E472EBFD1925B29100FD15F3 /* NSData+M80.m */; };
		E472EC011925B2AE00FD15F3 /* UIImage+M80.m in Sources */ = {isa = PBXBuildFile; fileRef = E472EC001925B2AE00FD15F3 /* UIImage+M80.m */; };
		E472EC041925B2CF00FD15F3 /* UIView+M80.m in Sources */ = {isa = PBXBuildFile; fileRef = E472EC031925B2CF00FD15F3 /* UIView+M80.m */; };
		E472EC061925B49D00FD15F3 /* NSStringTests.m in Sources */ = {isa = PBXBuildFile; fileRef = E472EC051925B49D00FD15F3 /* NSStringTests.m */; };
		E472EC071925B72400FD15F3 /* NSString+M80.m in Sources */ = {isa = PBXBuildFile; fileRef = E472EBFA1925B18900FD15F3 /* NSString+M80.m */; };
		E472EC081925B72700FD15F3 /* NSData+M80.m in Sources */ = {isa = PBXBuildFile; fileRef = E472EBFD1925B29100FD15F3 /* NSData+M80.m */; };
		E472EC091925B72900FD15F3 /* UIImage+M80.m in Sources */ = {isa = PBXBuildFile; fileRef = E472EC001925B2AE00FD15F3 /* UIImage+M80.m */; };
		E472EC0A1925B72B00FD15F3 /* UIView+M80.m in Sources */ = {isa = PBXBuildFile; fileRef = E472EC031925B2CF00FD15F3 /* UIView+M80.m */; };
		E472EC0B1925B72F00FD15F3 /* M80Kit.m in Sources */ = {isa = PBXBuildFile; fileRef = E472EBD51925B10000FD15F3 /* M80Kit.m */; };
		E486E11B19483A6D00AE3455 /* M80Timer.m in Sources */ = {isa = PBXBuildFile; fileRef = E486E11A19483A6D00AE3455 /* M80Timer.m */; };
		E486E11C19483A6D00AE3455 /* M80Timer.m in Sources */ = {isa = PBXBuildFile; fileRef = E486E11A19483A6D00AE3455 /* M80Timer.m */; };
		E4AED4A2192719A4004467D0 /* NSDataTests.m in Sources */ = {isa = PBXBuildFile; fileRef = E4AED4A1192719A4004467D0 /* NSDataTests.m */; };
		E4AFE1CE192AEC1F00D5BCB7 /* M80MulticastDelegate.m in Sources */ = {isa = PBXBuildFile; fileRef = E4AFE1CD192AEC1F00D5BCB7 /* M80MulticastDelegate.m */; };
		E4AFE1CF192AEC2A00D5BCB7 /* M80MulticastDelegate.m in Sources */ = {isa = PBXBuildFile; fileRef = E4AFE1CD192AEC1F00D5BCB7 /* M80MulticastDelegate.m */; };
		E4AFE1D0192AEC2D00D5BCB7 /* M80TimerHolder.m in Sources */ = {isa = PBXBuildFile; fileRef = E40AE7651925FDD00062F86D /* M80TimerHolder.m */; };
		E4F6A30C19CFE55100B97C5C /* M80XMLSerialization.m in Sources */ = {isa = PBXBuildFile; fileRef = E4F6A30B19CFE55100B97C5C /* M80XMLSerialization.m */; };
		E4F84FB919A70EA100111E26 /* avatar.png in Resources */ = {isa = PBXBuildFile; fileRef = E4F84FB819A70EA100111E26 /* avatar.png */; };
/* End PBXBuildFile section */

/* Begin PBXContainerItemProxy section */
		E472EBE11925B10000FD15F3 /* PBXContainerItemProxy */ = {
			isa = PBXContainerItemProxy;
			containerPortal = E472EBC31925B10000FD15F3 /* Project object */;
			proxyType = 1;
			remoteGlobalIDString = E472EBCA1925B10000FD15F3;
			remoteInfo = M80Kit;
		};
/* End PBXContainerItemProxy section */

/* Begin PBXCopyFilesBuildPhase section */
		E472EBC91925B10000FD15F3 /* CopyFiles */ = {
			isa = PBXCopyFilesBuildPhase;
			buildActionMask = 2147483647;
			dstPath = "include/$(PRODUCT_NAME)";
			dstSubfolderSpec = 16;
			files = (
				E472EBD41925B10000FD15F3 /* M80Kit.h in CopyFiles */,
			);
			runOnlyForDeploymentPostprocessing = 0;
		};
/* End PBXCopyFilesBuildPhase section */

/* Begin PBXFileReference section */
		8656473D19C728E5006B3581 /* NSURL+M80.h */ = {isa = PBXFileReference; fileEncoding = 4; lastKnownFileType = sourcecode.c.h; path = "NSURL+M80.h"; sourceTree = "<group>"; };
		8656473E19C728E5006B3581 /* NSURL+M80.m */ = {isa = PBXFileReference; fileEncoding = 4; lastKnownFileType = sourcecode.c.objc; path = "NSURL+M80.m"; sourceTree = "<group>"; };
		8656474019C72BBD006B3581 /* M80Macro.h */ = {isa = PBXFileReference; fileEncoding = 4; lastKnownFileType = sourcecode.c.h; path = M80Macro.h; sourceTree = "<group>"; };
		E40AE74A1925E2F80062F86D /* NSFileManager+M80.h */ = {isa = PBXFileReference; fileEncoding = 4; lastKnownFileType = sourcecode.c.h; path = "NSFileManager+M80.h"; sourceTree = "<group>"; };
		E40AE74B1925E2F80062F86D /* NSFileManager+M80.m */ = {isa = PBXFileReference; fileEncoding = 4; lastKnownFileType = sourcecode.c.objc; path = "NSFileManager+M80.m"; sourceTree = "<group>"; };
		E40AE74F1925EC600062F86D /* FileManagerTests.m */ = {isa = PBXFileReference; fileEncoding = 4; lastKnownFileType = sourcecode.c.objc; path = FileManagerTests.m; sourceTree = "<group>"; };
		E40AE7521925EDA10062F86D /* test.txt */ = {isa = PBXFileReference; fileEncoding = 4; lastKnownFileType = text; path = test.txt; sourceTree = "<group>"; };
		E40AE7571925F8CE0062F86D /* NSTimer+M80.h */ = {isa = PBXFileReference; fileEncoding = 4; lastKnownFileType = sourcecode.c.h; path = "NSTimer+M80.h"; sourceTree = "<group>"; };
		E40AE7581925F8CE0062F86D /* NSTimer+M80.m */ = {isa = PBXFileReference; fileEncoding = 4; lastKnownFileType = sourcecode.c.objc; path = "NSTimer+M80.m"; sourceTree = "<group>"; };
		E40AE75B1925FB470062F86D /* UIAlertView+M80.h */ = {isa = PBXFileReference; fileEncoding = 4; lastKnownFileType = sourcecode.c.h; path = "UIAlertView+M80.h"; sourceTree = "<group>"; };
		E40AE75C1925FB470062F86D /* UIAlertView+M80.m */ = {isa = PBXFileReference; fileEncoding = 4; lastKnownFileType = sourcecode.c.objc; path = "UIAlertView+M80.m"; sourceTree = "<group>"; };
		E40AE75F1925FB570062F86D /* UIActionSheet+M80.h */ = {isa = PBXFileReference; fileEncoding = 4; lastKnownFileType = sourcecode.c.h; path = "UIActionSheet+M80.h"; sourceTree = "<group>"; };
		E40AE7601925FB570062F86D /* UIActionSheet+M80.m */ = {isa = PBXFileReference; fileEncoding = 4; lastKnownFileType = sourcecode.c.objc; path = "UIActionSheet+M80.m"; sourceTree = "<group>"; };
		E40AE7641925FDD00062F86D /* M80TimerHolder.h */ = {isa = PBXFileReference; fileEncoding = 4; lastKnownFileType = sourcecode.c.h; path = M80TimerHolder.h; sourceTree = "<group>"; };
		E40AE7651925FDD00062F86D /* M80TimerHolder.m */ = {isa = PBXFileReference; fileEncoding = 4; lastKnownFileType = sourcecode.c.objc; path = M80TimerHolder.m; sourceTree = "<group>"; };
		E40AE7671925FDF30062F86D /* M80Util.h */ = {isa = PBXFileReference; lastKnownFileType = sourcecode.c.h; path = M80Util.h; sourceTree = "<group>"; };
		E40DBE1119D0151B002AEED0 /* emoji.xml */ = {isa = PBXFileReference; fileEncoding = 4; lastKnownFileType = text.xml; path = emoji.xml; sourceTree = "<group>"; };
		E40DBE1619D01587002AEED0 /* M80XMLSerializationTests.m */ = {isa = PBXFileReference; fileEncoding = 4; lastKnownFileType = sourcecode.c.objc; path = M80XMLSerializationTests.m; sourceTree = "<group>"; };
		E42B7DBB1954211900216A30 /* M80WeakProxy.h */ = {isa = PBXFileReference; fileEncoding = 4; lastKnownFileType = sourcecode.c.h; path = M80WeakProxy.h; sourceTree = "<group>"; };
		E42B7DBC1954211900216A30 /* M80WeakProxy.m */ = {isa = PBXFileReference; fileEncoding = 4; lastKnownFileType = sourcecode.c.objc; path = M80WeakProxy.m; sourceTree = "<group>"; };
		E43448711A5E369F005D38D2 /* M80HttpOperation.h */ = {isa = PBXFileReference; fileEncoding = 4; lastKnownFileType = sourcecode.c.h; path = M80HttpOperation.h; sourceTree = "<group>"; };
		E43448721A5E369F005D38D2 /* M80HttpOperation.m */ = {isa = PBXFileReference; fileEncoding = 4; lastKnownFileType = sourcecode.c.objc; path = M80HttpOperation.m; sourceTree = "<group>"; };
		E43448741A5E36AB005D38D2 /* M80HttpManager.h */ = {isa = PBXFileReference; fileEncoding = 4; lastKnownFileType = sourcecode.c.h; path = M80HttpManager.h; sourceTree = "<group>"; };
		E43448751A5E36AB005D38D2 /* M80HttpManager.m */ = {isa = PBXFileReference; fileEncoding = 4; lastKnownFileType = sourcecode.c.objc; path = M80HttpManager.m; sourceTree = "<group>"; };
		E43448771A5E36BC005D38D2 /* M80Network.h */ = {isa = PBXFileReference; lastKnownFileType = sourcecode.c.h; path = M80Network.h; sourceTree = "<group>"; };
		E444950D193334DE00E62F56 /* M80Observer.h */ = {isa = PBXFileReference; fileEncoding = 4; lastKnownFileType = sourcecode.c.h; path = M80Observer.h; sourceTree = "<group>"; };
		E444950E193334DE00E62F56 /* M80Observer.m */ = {isa = PBXFileReference; fileEncoding = 4; lastKnownFileType = sourcecode.c.objc; path = M80Observer.m; sourceTree = "<group>"; };
		E472EBCB1925B10000FD15F3 /* libM80Kit.a */ = {isa = PBXFileReference; explicitFileType = archive.ar; includeInIndex = 0; path = libM80Kit.a; sourceTree = BUILT_PRODUCTS_DIR; };
		E472EBCE1925B10000FD15F3 /* Foundation.framework */ = {isa = PBXFileReference; lastKnownFileType = wrapper.framework; name = Foundation.framework; path = System/Library/Frameworks/Foundation.framework; sourceTree = SDKROOT; };
		E472EBD21925B10000FD15F3 /* M80Kit-Prefix.pch */ = {isa = PBXFileReference; lastKnownFileType = sourcecode.c.h; path = "M80Kit-Prefix.pch"; sourceTree = "<group>"; };
		E472EBD31925B10000FD15F3 /* M80Kit.h */ = {isa = PBXFileReference; lastKnownFileType = sourcecode.c.h; path = M80Kit.h; sourceTree = "<group>"; };
		E472EBD51925B10000FD15F3 /* M80Kit.m */ = {isa = PBXFileReference; lastKnownFileType = sourcecode.c.objc; path = M80Kit.m; sourceTree = "<group>"; };
		E472EBDB1925B10000FD15F3 /* M80KitTests.xctest */ = {isa = PBXFileReference; explicitFileType = wrapper.cfbundle; includeInIndex = 0; path = M80KitTests.xctest; sourceTree = BUILT_PRODUCTS_DIR; };
		E472EBDC1925B10000FD15F3 /* XCTest.framework */ = {isa = PBXFileReference; lastKnownFileType = wrapper.framework; name = XCTest.framework; path = Library/Frameworks/XCTest.framework; sourceTree = DEVELOPER_DIR; };
		E472EBDF1925B10000FD15F3 /* UIKit.framework */ = {isa = PBXFileReference; lastKnownFileType = wrapper.framework; name = UIKit.framework; path = Library/Frameworks/UIKit.framework; sourceTree = DEVELOPER_DIR; };
		E472EBE61925B10000FD15F3 /* M80KitTests-Info.plist */ = {isa = PBXFileReference; lastKnownFileType = text.plist.xml; path = "M80KitTests-Info.plist"; sourceTree = "<group>"; };
		E472EBE81925B10000FD15F3 /* en */ = {isa = PBXFileReference; lastKnownFileType = text.plist.strings; name = en; path = en.lproj/InfoPlist.strings; sourceTree = "<group>"; };
		E472EBEA1925B10000FD15F3 /* M80KitTests.m */ = {isa = PBXFileReference; lastKnownFileType = sourcecode.c.objc; path = M80KitTests.m; sourceTree = "<group>"; };
		E472EBF81925B17300FD15F3 /* M80Categories.h */ = {isa = PBXFileReference; lastKnownFileType = sourcecode.c.h; path = M80Categories.h; sourceTree = "<group>"; };
		E472EBF91925B18900FD15F3 /* NSString+M80.h */ = {isa = PBXFileReference; fileEncoding = 4; lastKnownFileType = sourcecode.c.h; path = "NSString+M80.h"; sourceTree = "<group>"; };
		E472EBFA1925B18900FD15F3 /* NSString+M80.m */ = {isa = PBXFileReference; fileEncoding = 4; lastKnownFileType = sourcecode.c.objc; path = "NSString+M80.m"; sourceTree = "<group>"; };
		E472EBFC1925B29100FD15F3 /* NSData+M80.h */ = {isa = PBXFileReference; fileEncoding = 4; lastKnownFileType = sourcecode.c.h; path = "NSData+M80.h"; sourceTree = "<group>"; };
		E472EBFD1925B29100FD15F3 /* NSData+M80.m */ = {isa = PBXFileReference; fileEncoding = 4; lastKnownFileType = sourcecode.c.objc; path = "NSData+M80.m"; sourceTree = "<group>"; };
		E472EBFF1925B2AE00FD15F3 /* UIImage+M80.h */ = {isa = PBXFileReference; fileEncoding = 4; lastKnownFileType = sourcecode.c.h; path = "UIImage+M80.h"; sourceTree = "<group>"; };
		E472EC001925B2AE00FD15F3 /* UIImage+M80.m */ = {isa = PBXFileReference; fileEncoding = 4; lastKnownFileType = sourcecode.c.objc; path = "UIImage+M80.m"; sourceTree = "<group>"; };
		E472EC021925B2CF00FD15F3 /* UIView+M80.h */ = {isa = PBXFileReference; fileEncoding = 4; lastKnownFileType = sourcecode.c.h; path = "UIView+M80.h"; sourceTree = "<group>"; };
		E472EC031925B2CF00FD15F3 /* UIView+M80.m */ = {isa = PBXFileReference; fileEncoding = 4; lastKnownFileType = sourcecode.c.objc; path = "UIView+M80.m"; sourceTree = "<group>"; };
		E472EC051925B49D00FD15F3 /* NSStringTests.m */ = {isa = PBXFileReference; fileEncoding = 4; lastKnownFileType = sourcecode.c.objc; path = NSStringTests.m; sourceTree = "<group>"; };
		E486E11919483A6D00AE3455 /* M80Timer.h */ = {isa = PBXFileReference; fileEncoding = 4; lastKnownFileType = sourcecode.c.h; path = M80Timer.h; sourceTree = "<group>"; };
		E486E11A19483A6D00AE3455 /* M80Timer.m */ = {isa = PBXFileReference; fileEncoding = 4; lastKnownFileType = sourcecode.c.objc; path = M80Timer.m; sourceTree = "<group>"; };
		E4AED4A1192719A4004467D0 /* NSDataTests.m */ = {isa = PBXFileReference; fileEncoding = 4; lastKnownFileType = sourcecode.c.objc; path = NSDataTests.m; sourceTree = "<group>"; };
		E4AFE1CC192AEC1F00D5BCB7 /* M80MulticastDelegate.h */ = {isa = PBXFileReference; fileEncoding = 4; lastKnownFileType = sourcecode.c.h; path = M80MulticastDelegate.h; sourceTree = "<group>"; };
		E4AFE1CD192AEC1F00D5BCB7 /* M80MulticastDelegate.m */ = {isa = PBXFileReference; fileEncoding = 4; lastKnownFileType = sourcecode.c.objc; path = M80MulticastDelegate.m; sourceTree = "<group>"; };
		E4F6A30A19CFE55100B97C5C /* M80XMLSerialization.h */ = {isa = PBXFileReference; fileEncoding = 4; lastKnownFileType = sourcecode.c.h; path = M80XMLSerialization.h; sourceTree = "<group>"; };
		E4F6A30B19CFE55100B97C5C /* M80XMLSerialization.m */ = {isa = PBXFileReference; fileEncoding = 4; lastKnownFileType = sourcecode.c.objc; path = M80XMLSerialization.m; sourceTree = "<group>"; };
		E4F84FB819A70EA100111E26 /* avatar.png */ = {isa = PBXFileReference; lastKnownFileType = image.png; path = avatar.png; sourceTree = "<group>"; };
/* End PBXFileReference section */

/* Begin PBXFrameworksBuildPhase section */
		E472EBC81925B10000FD15F3 /* Frameworks */ = {
			isa = PBXFrameworksBuildPhase;
			buildActionMask = 2147483647;
			files = (
				E472EBCF1925B10000FD15F3 /* Foundation.framework in Frameworks */,
			);
			runOnlyForDeploymentPostprocessing = 0;
		};
		E472EBD81925B10000FD15F3 /* Frameworks */ = {
			isa = PBXFrameworksBuildPhase;
			buildActionMask = 2147483647;
			files = (
				E472EBDD1925B10000FD15F3 /* XCTest.framework in Frameworks */,
				E472EBE01925B10000FD15F3 /* UIKit.framework in Frameworks */,
				E472EBE31925B10000FD15F3 /* libM80Kit.a in Frameworks */,
				E472EBDE1925B10000FD15F3 /* Foundation.framework in Frameworks */,
			);
			runOnlyForDeploymentPostprocessing = 0;
		};
/* End PBXFrameworksBuildPhase section */

/* Begin PBXGroup section */
		E40AE7511925EDA10062F86D /* TestResource */ = {
			isa = PBXGroup;
			children = (
				E40DBE1119D0151B002AEED0 /* emoji.xml */,
				E4F84FB819A70EA100111E26 /* avatar.png */,
				E40AE7521925EDA10062F86D /* test.txt */,
			);
			path = TestResource;
			sourceTree = "<group>";
		};
		E40AE7631925FDBD0062F86D /* Util */ = {
			isa = PBXGroup;
			children = (
				E40AE7671925FDF30062F86D /* M80Util.h */,
				E42B7DBB1954211900216A30 /* M80WeakProxy.h */,
				E42B7DBC1954211900216A30 /* M80WeakProxy.m */,
				E40AE7641925FDD00062F86D /* M80TimerHolder.h */,
				E40AE7651925FDD00062F86D /* M80TimerHolder.m */,
				E4AFE1CC192AEC1F00D5BCB7 /* M80MulticastDelegate.h */,
				E4AFE1CD192AEC1F00D5BCB7 /* M80MulticastDelegate.m */,
				E444950D193334DE00E62F56 /* M80Observer.h */,
				E444950E193334DE00E62F56 /* M80Observer.m */,
				E486E11919483A6D00AE3455 /* M80Timer.h */,
				E486E11A19483A6D00AE3455 /* M80Timer.m */,
				E4F6A30A19CFE55100B97C5C /* M80XMLSerialization.h */,
				E4F6A30B19CFE55100B97C5C /* M80XMLSerialization.m */,
			);
			path = Util;
			sourceTree = "<group>";
		};
		E43448701A5E368F005D38D2 /* Network */ = {
			isa = PBXGroup;
			children = (
				E43448711A5E369F005D38D2 /* M80HttpOperation.h */,
				E43448721A5E369F005D38D2 /* M80HttpOperation.m */,
				E43448741A5E36AB005D38D2 /* M80HttpManager.h */,
				E43448751A5E36AB005D38D2 /* M80HttpManager.m */,
				E43448771A5E36BC005D38D2 /* M80Network.h */,
			);
			path = Network;
			sourceTree = "<group>";
		};
		E472EBC21925B10000FD15F3 = {
			isa = PBXGroup;
			children = (
				E472EBD01925B10000FD15F3 /* M80Kit */,
				E472EBE41925B10000FD15F3 /* M80KitTests */,
				E472EBCD1925B10000FD15F3 /* Frameworks */,
				E472EBCC1925B10000FD15F3 /* Products */,
			);
			sourceTree = "<group>";
		};
		E472EBCC1925B10000FD15F3 /* Products */ = {
			isa = PBXGroup;
			children = (
				E472EBCB1925B10000FD15F3 /* libM80Kit.a */,
				E472EBDB1925B10000FD15F3 /* M80KitTests.xctest */,
			);
			name = Products;
			sourceTree = "<group>";
		};
		E472EBCD1925B10000FD15F3 /* Frameworks */ = {
			isa = PBXGroup;
			children = (
				E472EBCE1925B10000FD15F3 /* Foundation.framework */,
				E472EBDC1925B10000FD15F3 /* XCTest.framework */,
				E472EBDF1925B10000FD15F3 /* UIKit.framework */,
			);
			name = Frameworks;
			sourceTree = "<group>";
		};
		E472EBD01925B10000FD15F3 /* M80Kit */ = {
			isa = PBXGroup;
			children = (
				E472EBF61925B16200FD15F3 /* Classes */,
				E472EBD31925B10000FD15F3 /* M80Kit.h */,
				E472EBD51925B10000FD15F3 /* M80Kit.m */,
				E472EBD11925B10000FD15F3 /* Supporting Files */,
			);
			path = M80Kit;
			sourceTree = "<group>";
		};
		E472EBD11925B10000FD15F3 /* Supporting Files */ = {
			isa = PBXGroup;
			children = (
				E472EBD21925B10000FD15F3 /* M80Kit-Prefix.pch */,
			);
			name = "Supporting Files";
			sourceTree = "<group>";
		};
		E472EBE41925B10000FD15F3 /* M80KitTests */ = {
			isa = PBXGroup;
			children = (
				E40DBE1619D01587002AEED0 /* M80XMLSerializationTests.m */,
				E4AED4A1192719A4004467D0 /* NSDataTests.m */,
				E472EBEA1925B10000FD15F3 /* M80KitTests.m */,
				E472EC051925B49D00FD15F3 /* NSStringTests.m */,
				E40AE74F1925EC600062F86D /* FileManagerTests.m */,
				E472EBE51925B10000FD15F3 /* Supporting Files */,
			);
			path = M80KitTests;
			sourceTree = "<group>";
		};
		E472EBE51925B10000FD15F3 /* Supporting Files */ = {
			isa = PBXGroup;
			children = (
				E40AE7511925EDA10062F86D /* TestResource */,
				E472EBE61925B10000FD15F3 /* M80KitTests-Info.plist */,
				E472EBE71925B10000FD15F3 /* InfoPlist.strings */,
			);
			name = "Supporting Files";
			sourceTree = "<group>";
		};
		E472EBF61925B16200FD15F3 /* Classes */ = {
			isa = PBXGroup;
			children = (
				E43448701A5E368F005D38D2 /* Network */,
				E40AE7631925FDBD0062F86D /* Util */,
				E472EBF71925B16200FD15F3 /* Categories */,
				8656474019C72BBD006B3581 /* M80Macro.h */,
			);
			path = Classes;
			sourceTree = "<group>";
		};
		E472EBF71925B16200FD15F3 /* Categories */ = {
			isa = PBXGroup;
			children = (
				E472EBF81925B17300FD15F3 /* M80Categories.h */,
				E472EBF91925B18900FD15F3 /* NSString+M80.h */,
				E472EBFA1925B18900FD15F3 /* NSString+M80.m */,
				E472EBFC1925B29100FD15F3 /* NSData+M80.h */,
				E472EBFD1925B29100FD15F3 /* NSData+M80.m */,
				E472EBFF1925B2AE00FD15F3 /* UIImage+M80.h */,
				E472EC001925B2AE00FD15F3 /* UIImage+M80.m */,
				E472EC021925B2CF00FD15F3 /* UIView+M80.h */,
				E472EC031925B2CF00FD15F3 /* UIView+M80.m */,
				E40AE74A1925E2F80062F86D /* NSFileManager+M80.h */,
				E40AE74B1925E2F80062F86D /* NSFileManager+M80.m */,
				E40AE7571925F8CE0062F86D /* NSTimer+M80.h */,
				E40AE7581925F8CE0062F86D /* NSTimer+M80.m */,
				E40AE75B1925FB470062F86D /* UIAlertView+M80.h */,
				E40AE75C1925FB470062F86D /* UIAlertView+M80.m */,
				E40AE75F1925FB570062F86D /* UIActionSheet+M80.h */,
				E40AE7601925FB570062F86D /* UIActionSheet+M80.m */,
				8656473D19C728E5006B3581 /* NSURL+M80.h */,
				8656473E19C728E5006B3581 /* NSURL+M80.m */,
			);
			path = Categories;
			sourceTree = "<group>";
		};
/* End PBXGroup section */

/* Begin PBXNativeTarget section */
		E472EBCA1925B10000FD15F3 /* M80Kit */ = {
			isa = PBXNativeTarget;
			buildConfigurationList = E472EBEE1925B10000FD15F3 /* Build configuration list for PBXNativeTarget "M80Kit" */;
			buildPhases = (
				E472EBC71925B10000FD15F3 /* Sources */,
				E472EBC81925B10000FD15F3 /* Frameworks */,
				E472EBC91925B10000FD15F3 /* CopyFiles */,
			);
			buildRules = (
			);
			dependencies = (
			);
			name = M80Kit;
			productName = M80Kit;
			productReference = E472EBCB1925B10000FD15F3 /* libM80Kit.a */;
			productType = "com.apple.product-type.library.static";
		};
		E472EBDA1925B10000FD15F3 /* M80KitTests */ = {
			isa = PBXNativeTarget;
			buildConfigurationList = E472EBF11925B10000FD15F3 /* Build configuration list for PBXNativeTarget "M80KitTests" */;
			buildPhases = (
				E472EBD71925B10000FD15F3 /* Sources */,
				E472EBD81925B10000FD15F3 /* Frameworks */,
				E472EBD91925B10000FD15F3 /* Resources */,
			);
			buildRules = (
			);
			dependencies = (
				E472EBE21925B10000FD15F3 /* PBXTargetDependency */,
			);
			name = M80KitTests;
			productName = M80KitTests;
			productReference = E472EBDB1925B10000FD15F3 /* M80KitTests.xctest */;
			productType = "com.apple.product-type.bundle.unit-test";
		};
/* End PBXNativeTarget section */

/* Begin PBXProject section */
		E472EBC31925B10000FD15F3 /* Project object */ = {
			isa = PBXProject;
			attributes = {
				CLASSPREFIX = M80;
				LastUpgradeCheck = 0510;
				ORGANIZATIONNAME = amao;
			};
			buildConfigurationList = E472EBC61925B10000FD15F3 /* Build configuration list for PBXProject "M80Kit" */;
			compatibilityVersion = "Xcode 3.2";
			developmentRegion = English;
			hasScannedForEncodings = 0;
			knownRegions = (
				en,
			);
			mainGroup = E472EBC21925B10000FD15F3;
			productRefGroup = E472EBCC1925B10000FD15F3 /* Products */;
			projectDirPath = "";
			projectRoot = "";
			targets = (
				E472EBCA1925B10000FD15F3 /* M80Kit */,
				E472EBDA1925B10000FD15F3 /* M80KitTests */,
			);
		};
/* End PBXProject section */

/* Begin PBXResourcesBuildPhase section */
		E472EBD91925B10000FD15F3 /* Resources */ = {
			isa = PBXResourcesBuildPhase;
			buildActionMask = 2147483647;
			files = (
				E40DBE1219D0151B002AEED0 /* emoji.xml in Resources */,
				E4F84FB919A70EA100111E26 /* avatar.png in Resources */,
				E40AE7531925EDA10062F86D /* test.txt in Resources */,
				E472EBE91925B10000FD15F3 /* InfoPlist.strings in Resources */,
			);
			runOnlyForDeploymentPostprocessing = 0;
		};
/* End PBXResourcesBuildPhase section */

/* Begin PBXSourcesBuildPhase section */
		E472EBC71925B10000FD15F3 /* Sources */ = {
			isa = PBXSourcesBuildPhase;
			buildActionMask = 2147483647;
			files = (
				8656473F19C728E5006B3581 /* NSURL+M80.m in Sources */,
				E40AE74C1925E2F80062F86D /* NSFileManager+M80.m in Sources */,
				E444950F193334DE00E62F56 /* M80Observer.m in Sources */,
				E40AE7611925FB570062F86D /* UIActionSheet+M80.m in Sources */,
				E43448731A5E369F005D38D2 /* M80HttpOperation.m in Sources */,
				E4F6A30C19CFE55100B97C5C /* M80XMLSerialization.m in Sources */,
				E40AE7591925F8CE0062F86D /* NSTimer+M80.m in Sources */,
				E42B7DBD1954211900216A30 /* M80WeakProxy.m in Sources */,
				E472EBFE1925B29100FD15F3 /* NSData+M80.m in Sources */,
				E486E11B19483A6D00AE3455 /* M80Timer.m in Sources */,
				E472EC011925B2AE00FD15F3 /* UIImage+M80.m in Sources */,
				E40AE7661925FDD00062F86D /* M80TimerHolder.m in Sources */,
				E472EBD61925B10000FD15F3 /* M80Kit.m in Sources */,
				E40AE75D1925FB470062F86D /* UIAlertView+M80.m in Sources */,
				E472EC041925B2CF00FD15F3 /* UIView+M80.m in Sources */,
				E472EBFB1925B18900FD15F3 /* NSString+M80.m in Sources */,
				E4AFE1CE192AEC1F00D5BCB7 /* M80MulticastDelegate.m in Sources */,
				E43448761A5E36AB005D38D2 /* M80HttpManager.m in Sources */,
			);
			runOnlyForDeploymentPostprocessing = 0;
		};
		E472EBD71925B10000FD15F3 /* Sources */ = {
			isa = PBXSourcesBuildPhase;
			buildActionMask = 2147483647;
			files = (
				E472EC0A1925B72B00FD15F3 /* UIView+M80.m in Sources */,
				E4AFE1CF192AEC2A00D5BCB7 /* M80MulticastDelegate.m in Sources */,
				E472EC0B1925B72F00FD15F3 /* M80Kit.m in Sources */,
				E472EBEB1925B10000FD15F3 /* M80KitTests.m in Sources */,
				E40AE7501925EC600062F86D /* FileManagerTests.m in Sources */,
				E40AE75A1925F8CE0062F86D /* NSTimer+M80.m in Sources */,
				E40DBE1319D01522002AEED0 /* M80XMLSerialization.m in Sources */,
				E472EC061925B49D00FD15F3 /* NSStringTests.m in Sources */,
				E472EC081925B72700FD15F3 /* NSData+M80.m in Sources */,
				E40AE7621925FB570062F86D /* UIActionSheet+M80.m in Sources */,
				E40AE7541925EE450062F86D /* NSFileManager+M80.m in Sources */,
				E4AFE1D0192AEC2D00D5BCB7 /* M80TimerHolder.m in Sources */,
				E40DBE1719D01587002AEED0 /* M80XMLSerializationTests.m in Sources */,
				E486E11C19483A6D00AE3455 /* M80Timer.m in Sources */,
				E472EC071925B72400FD15F3 /* NSString+M80.m in Sources */,
				E4AED4A2192719A4004467D0 /* NSDataTests.m in Sources */,
				E472EC091925B72900FD15F3 /* UIImage+M80.m in Sources */,
				E40AE75E1925FB470062F86D /* UIAlertView+M80.m in Sources */,
			);
			runOnlyForDeploymentPostprocessing = 0;
		};
/* End PBXSourcesBuildPhase section */

/* Begin PBXTargetDependency section */
		E472EBE21925B10000FD15F3 /* PBXTargetDependency */ = {
			isa = PBXTargetDependency;
			target = E472EBCA1925B10000FD15F3 /* M80Kit */;
			targetProxy = E472EBE11925B10000FD15F3 /* PBXContainerItemProxy */;
		};
/* End PBXTargetDependency section */

/* Begin PBXVariantGroup section */
		E472EBE71925B10000FD15F3 /* InfoPlist.strings */ = {
			isa = PBXVariantGroup;
			children = (
				E472EBE81925B10000FD15F3 /* en */,
			);
			name = InfoPlist.strings;
			sourceTree = "<group>";
		};
/* End PBXVariantGroup section */

/* Begin XCBuildConfiguration section */
		E472EBEC1925B10000FD15F3 /* Debug */ = {
			isa = XCBuildConfiguration;
			buildSettings = {
				ALWAYS_SEARCH_USER_PATHS = NO;
				CLANG_CXX_LANGUAGE_STANDARD = "gnu++0x";
				CLANG_CXX_LIBRARY = "libc++";
				CLANG_ENABLE_MODULES = YES;
				CLANG_ENABLE_OBJC_ARC = YES;
				CLANG_WARN_BOOL_CONVERSION = YES;
				CLANG_WARN_CONSTANT_CONVERSION = YES;
				CLANG_WARN_DIRECT_OBJC_ISA_USAGE = YES_ERROR;
				CLANG_WARN_EMPTY_BODY = YES;
				CLANG_WARN_ENUM_CONVERSION = YES;
				CLANG_WARN_INT_CONVERSION = YES;
				CLANG_WARN_OBJC_ROOT_CLASS = YES_ERROR;
				CLANG_WARN__DUPLICATE_METHOD_MATCH = YES;
				COPY_PHASE_STRIP = NO;
				GCC_C_LANGUAGE_STANDARD = gnu99;
				GCC_DYNAMIC_NO_PIC = NO;
				GCC_OPTIMIZATION_LEVEL = 0;
				GCC_PREPROCESSOR_DEFINITIONS = (
					"DEBUG=1",
					"$(inherited)",
				);
				GCC_SYMBOLS_PRIVATE_EXTERN = NO;
				GCC_WARN_64_TO_32_BIT_CONVERSION = YES;
				GCC_WARN_ABOUT_RETURN_TYPE = YES_ERROR;
				GCC_WARN_UNDECLARED_SELECTOR = YES;
				GCC_WARN_UNINITIALIZED_AUTOS = YES_AGGRESSIVE;
				GCC_WARN_UNUSED_FUNCTION = YES;
				GCC_WARN_UNUSED_VARIABLE = YES;
				IPHONEOS_DEPLOYMENT_TARGET = 7.1;
				ONLY_ACTIVE_ARCH = YES;
				SDKROOT = iphoneos;
			};
			name = Debug;
		};
		E472EBED1925B10000FD15F3 /* Release */ = {
			isa = XCBuildConfiguration;
			buildSettings = {
				ALWAYS_SEARCH_USER_PATHS = NO;
				CLANG_CXX_LANGUAGE_STANDARD = "gnu++0x";
				CLANG_CXX_LIBRARY = "libc++";
				CLANG_ENABLE_MODULES = YES;
				CLANG_ENABLE_OBJC_ARC = YES;
				CLANG_WARN_BOOL_CONVERSION = YES;
				CLANG_WARN_CONSTANT_CONVERSION = YES;
				CLANG_WARN_DIRECT_OBJC_ISA_USAGE = YES_ERROR;
				CLANG_WARN_EMPTY_BODY = YES;
				CLANG_WARN_ENUM_CONVERSION = YES;
				CLANG_WARN_INT_CONVERSION = YES;
				CLANG_WARN_OBJC_ROOT_CLASS = YES_ERROR;
				CLANG_WARN__DUPLICATE_METHOD_MATCH = YES;
				COPY_PHASE_STRIP = YES;
				ENABLE_NS_ASSERTIONS = NO;
				GCC_C_LANGUAGE_STANDARD = gnu99;
				GCC_WARN_64_TO_32_BIT_CONVERSION = YES;
				GCC_WARN_ABOUT_RETURN_TYPE = YES_ERROR;
				GCC_WARN_UNDECLARED_SELECTOR = YES;
				GCC_WARN_UNINITIALIZED_AUTOS = YES_AGGRESSIVE;
				GCC_WARN_UNUSED_FUNCTION = YES;
				GCC_WARN_UNUSED_VARIABLE = YES;
				IPHONEOS_DEPLOYMENT_TARGET = 7.1;
				SDKROOT = iphoneos;
				VALIDATE_PRODUCT = YES;
			};
			name = Release;
		};
		E472EBEF1925B10000FD15F3 /* Debug */ = {
			isa = XCBuildConfiguration;
			buildSettings = {
				DSTROOT = /tmp/M80Kit.dst;
				GCC_PRECOMPILE_PREFIX_HEADER = YES;
				GCC_PREFIX_HEADER = "M80Kit/M80Kit-Prefix.pch";
				OTHER_LDFLAGS = "-ObjC";
				PRODUCT_NAME = "$(TARGET_NAME)";
				SKIP_INSTALL = YES;
			};
			name = Debug;
		};
		E472EBF01925B10000FD15F3 /* Release */ = {
			isa = XCBuildConfiguration;
			buildSettings = {
				DSTROOT = /tmp/M80Kit.dst;
				GCC_PRECOMPILE_PREFIX_HEADER = YES;
				GCC_PREFIX_HEADER = "M80Kit/M80Kit-Prefix.pch";
				OTHER_LDFLAGS = "-ObjC";
				PRODUCT_NAME = "$(TARGET_NAME)";
				SKIP_INSTALL = YES;
			};
			name = Release;
		};
		E472EBF21925B10000FD15F3 /* Debug */ = {
			isa = XCBuildConfiguration;
			buildSettings = {
				FRAMEWORK_SEARCH_PATHS = (
					"$(SDKROOT)/Developer/Library/Frameworks",
					"$(inherited)",
					"$(DEVELOPER_FRAMEWORKS_DIR)",
				);
				GCC_PRECOMPILE_PREFIX_HEADER = YES;
				GCC_PREFIX_HEADER = "M80Kit/M80Kit-Prefix.pch";
				GCC_PREPROCESSOR_DEFINITIONS = (
					"DEBUG=1",
					"$(inherited)",
				);
				INFOPLIST_FILE = "M80KitTests/M80KitTests-Info.plist";
				PRODUCT_NAME = "$(TARGET_NAME)";
				WRAPPER_EXTENSION = xctest;
			};
			name = Debug;
		};
		E472EBF31925B10000FD15F3 /* Release */ = {
			isa = XCBuildConfiguration;
			buildSettings = {
				FRAMEWORK_SEARCH_PATHS = (
					"$(SDKROOT)/Developer/Library/Frameworks",
					"$(inherited)",
					"$(DEVELOPER_FRAMEWORKS_DIR)",
				);
				GCC_PRECOMPILE_PREFIX_HEADER = YES;
				GCC_PREFIX_HEADER = "M80Kit/M80Kit-Prefix.pch";
				INFOPLIST_FILE = "M80KitTests/M80KitTests-Info.plist";
				PRODUCT_NAME = "$(TARGET_NAME)";
				WRAPPER_EXTENSION = xctest;
			};
			name = Release;
		};
/* End XCBuildConfiguration section */

/* Begin XCConfigurationList section */
		E472EBC61925B10000FD15F3 /* Build configuration list for PBXProject "M80Kit" */ = {
			isa = XCConfigurationList;
			buildConfigurations = (
				E472EBEC1925B10000FD15F3 /* Debug */,
				E472EBED1925B10000FD15F3 /* Release */,
			);
			defaultConfigurationIsVisible = 0;
			defaultConfigurationName = Release;
		};
		E472EBEE1925B10000FD15F3 /* Build configuration list for PBXNativeTarget "M80Kit" */ = {
			isa = XCConfigurationList;
			buildConfigurations = (
				E472EBEF1925B10000FD15F3 /* Debug */,
				E472EBF01925B10000FD15F3 /* Release */,
			);
			defaultConfigurationIsVisible = 0;
			defaultConfigurationName = Release;
		};
		E472EBF11925B10000FD15F3 /* Build configuration list for PBXNativeTarget "M80KitTests" */ = {
			isa = XCConfigurationList;
			buildConfigurations = (
				E472EBF21925B10000FD15F3 /* Debug */,
				E472EBF31925B10000FD15F3 /* Release */,
			);
			defaultConfigurationIsVisible = 0;
			defaultConfigurationName = Release;
		};
/* End XCConfigurationList section */
	};
	rootObject = E472EBC31925B10000FD15F3 /* Project object */;
}
